
Microsoft Visual Studio Solution File, Format Version 12.00
# Visual Studio Version 17
VisualStudioVersion = 17.2.32519.379
MinimumVisualStudioVersion = 10.0.40219.1
Project("{FAE04EC0-301F-11D3-BF4B-00C04F79EFBC}") = "Pr18_III", "Pr18_III\Pr18_III.csproj", "{CF64F11F-C3E3-4F90-9118-68FBAA61C48E}"
EndProject
Global
	GlobalSection(SolutionConfigurationPlatforms) = preSolution
		Debug|Any CPU = Debug|Any CPU
		Release|Any CPU = Release|Any CPU
	EndGlobalSection
	GlobalSection(ProjectConfigurationPlatforms) = postSolution
		{CF64F11F-C3E3-4F90-9118-68FBAA61C48E}.Debug|Any CPU.ActiveCfg = Debug|Any CPU
		{CF64F11F-C3E3-4F90-9118-68FBAA61C48E}.Debug|Any CPU.Build.0 = Debug|Any CPU
		{CF64F11F-C3E3-4F90-9118-68FBAA61C48E}.Release|Any CPU.ActiveCfg = Release|Any CPU
		{CF64F11F-C3E3-4F90-9118-68FBAA61C48E}.Release|Any CPU.Build.0 = Release|Any CPU
	EndGlobalSection
	GlobalSection(SolutionProperties) = preSolution
		HideSolutionNode = FALSE
	EndGlobalSection
	GlobalSection(ExtensibilityGlobals) = postSolution
		SolutionGuid = {235CBDC1-A5C6-4E14-8E91-040D4E353075}
	EndGlobalSection
EndGlobal
